
Microsoft Visual Studio Solution File, Format Version 12.00
# Visual Studio Version 17
VisualStudioVersion = 17.8.34525.116
MinimumVisualStudioVersion = 10.0.40219.1
Project("{9A19103F-16F7-4668-BE54-9A1E7A4F7556}") = "Cinema", "Cinema\Cinema.csproj", "{F8C55C5B-5AFB-412E-AFEF-1815DF365968}"
EndProject
Global
	GlobalSection(SolutionConfigurationPlatforms) = preSolution
		Debug|Any CPU = Debug|Any CPU
		Release|Any CPU = Release|Any CPU
	EndGlobalSection
	GlobalSection(ProjectConfigurationPlatforms) = postSolution
		{F8C55C5B-5AFB-412E-AFEF-1815DF365968}.Debug|Any CPU.ActiveCfg = Debug|Any CPU
		{F8C55C5B-5AFB-412E-AFEF-1815DF365968}.Debug|Any CPU.Build.0 = Debug|Any CPU
		{F8C55C5B-5AFB-412E-AFEF-1815DF365968}.Release|Any CPU.ActiveCfg = Release|Any CPU
		{F8C55C5B-5AFB-412E-AFEF-1815DF365968}.Release|Any CPU.Build.0 = Release|Any CPU
	EndGlobalSection
	GlobalSection(SolutionProperties) = preSolution
		HideSolutionNode = FALSE
	EndGlobalSection
	GlobalSection(ExtensibilityGlobals) = postSolution
		SolutionGuid = {15E23472-C8FA-40A8-850A-028A043B644E}
	EndGlobalSection
EndGlobal
